// !$*UTF8*$!
{
	archiveVersion = 1;
	classes = {
	};
	objectVersion = 50;
	objects = {

/* Begin PBXBuildFile section */
		65EF80A324765BA900BE9FBD /* TabataView.swift in Sources */ = {isa = PBXBuildFile; fileRef = 65EF80A224765BA900BE9FBD /* TabataView.swift */; };
		65EF80A524765E5C00BE9FBD /* SetupCellView.swift in Sources */ = {isa = PBXBuildFile; fileRef = 65EF80A424765E5C00BE9FBD /* SetupCellView.swift */; };
		65FA3A3C2473A97600A1C911 /* AppDelegate.swift in Sources */ = {isa = PBXBuildFile; fileRef = 65FA3A3B2473A97600A1C911 /* AppDelegate.swift */; };
		65FA3A3E2473A97600A1C911 /* SceneDelegate.swift in Sources */ = {isa = PBXBuildFile; fileRef = 65FA3A3D2473A97600A1C911 /* SceneDelegate.swift */; };
		65FA3A412473A97600A1C911 /* TimerWorkout.xcdatamodeld in Sources */ = {isa = PBXBuildFile; fileRef = 65FA3A3F2473A97600A1C911 /* TimerWorkout.xcdatamodeld */; };
		65FA3A452473A97E00A1C911 /* Assets.xcassets in Resources */ = {isa = PBXBuildFile; fileRef = 65FA3A442473A97E00A1C911 /* Assets.xcassets */; };
		65FA3A482473A97E00A1C911 /* Preview Assets.xcassets in Resources */ = {isa = PBXBuildFile; fileRef = 65FA3A472473A97E00A1C911 /* Preview Assets.xcassets */; };
		65FA3A4B2473A97E00A1C911 /* LaunchScreen.storyboard in Resources */ = {isa = PBXBuildFile; fileRef = 65FA3A492473A97E00A1C911 /* LaunchScreen.storyboard */; };
		65FA3A562473A97F00A1C911 /* TimerWorkoutTests.swift in Sources */ = {isa = PBXBuildFile; fileRef = 65FA3A552473A97F00A1C911 /* TimerWorkoutTests.swift */; };
		65FA3A612473A97F00A1C911 /* TimerWorkoutUITests.swift in Sources */ = {isa = PBXBuildFile; fileRef = 65FA3A602473A97F00A1C911 /* TimerWorkoutUITests.swift */; };
/* End PBXBuildFile section */

/* Begin PBXContainerItemProxy section */
		65FA3A522473A97F00A1C911 /* PBXContainerItemProxy */ = {
			isa = PBXContainerItemProxy;
			containerPortal = 65FA3A302473A97600A1C911 /* Project object */;
			proxyType = 1;
			remoteGlobalIDString = 65FA3A372473A97600A1C911;
			remoteInfo = TimerWorkout;
		};
		65FA3A5D2473A97F00A1C911 /* PBXContainerItemProxy */ = {
			isa = PBXContainerItemProxy;
			containerPortal = 65FA3A302473A97600A1C911 /* Project object */;
			proxyType = 1;
			remoteGlobalIDString = 65FA3A372473A97600A1C911;
			remoteInfo = TimerWorkout;
		};
/* End PBXContainerItemProxy section */

/* Begin PBXFileReference section */
		65EF80A224765BA900BE9FBD /* TabataView.swift */ = {isa = PBXFileReference; lastKnownFileType = sourcecode.swift; path = TabataView.swift; sourceTree = "<group>"; };
		65EF80A424765E5C00BE9FBD /* SetupCellView.swift */ = {isa = PBXFileReference; lastKnownFileType = sourcecode.swift; path = SetupCellView.swift; sourceTree = "<group>"; };
		65FA3A382473A97600A1C911 /* TimerWorkout.app */ = {isa = PBXFileReference; explicitFileType = wrapper.application; includeInIndex = 0; path = TimerWorkout.app; sourceTree = BUILT_PRODUCTS_DIR; };
		65FA3A3B2473A97600A1C911 /* AppDelegate.swift */ = {isa = PBXFileReference; lastKnownFileType = sourcecode.swift; path = AppDelegate.swift; sourceTree = "<group>"; };
		65FA3A3D2473A97600A1C911 /* SceneDelegate.swift */ = {isa = PBXFileReference; lastKnownFileType = sourcecode.swift; path = SceneDelegate.swift; sourceTree = "<group>"; };
		65FA3A402473A97600A1C911 /* TimerWorkout.xcdatamodel */ = {isa = PBXFileReference; lastKnownFileType = wrapper.xcdatamodel; path = TimerWorkout.xcdatamodel; sourceTree = "<group>"; };
		65FA3A442473A97E00A1C911 /* Assets.xcassets */ = {isa = PBXFileReference; lastKnownFileType = folder.assetcatalog; path = Assets.xcassets; sourceTree = "<group>"; };
		65FA3A472473A97E00A1C911 /* Preview Assets.xcassets */ = {isa = PBXFileReference; lastKnownFileType = folder.assetcatalog; path = "Preview Assets.xcassets"; sourceTree = "<group>"; };
		65FA3A4A2473A97E00A1C911 /* Base */ = {isa = PBXFileReference; lastKnownFileType = file.storyboard; name = Base; path = Base.lproj/LaunchScreen.storyboard; sourceTree = "<group>"; };
		65FA3A4C2473A97E00A1C911 /* Info.plist */ = {isa = PBXFileReference; lastKnownFileType = text.plist.xml; path = Info.plist; sourceTree = "<group>"; };
		65FA3A512473A97F00A1C911 /* TimerWorkoutTests.xctest */ = {isa = PBXFileReference; explicitFileType = wrapper.cfbundle; includeInIndex = 0; path = TimerWorkoutTests.xctest; sourceTree = BUILT_PRODUCTS_DIR; };
		65FA3A552473A97F00A1C911 /* TimerWorkoutTests.swift */ = {isa = PBXFileReference; lastKnownFileType = sourcecode.swift; path = TimerWorkoutTests.swift; sourceTree = "<group>"; };
		65FA3A572473A97F00A1C911 /* Info.plist */ = {isa = PBXFileReference; lastKnownFileType = text.plist.xml; path = Info.plist; sourceTree = "<group>"; };
		65FA3A5C2473A97F00A1C911 /* TimerWorkoutUITests.xctest */ = {isa = PBXFileReference; explicitFileType = wrapper.cfbundle; includeInIndex = 0; path = TimerWorkoutUITests.xctest; sourceTree = BUILT_PRODUCTS_DIR; };
		65FA3A602473A97F00A1C911 /* TimerWorkoutUITests.swift */ = {isa = PBXFileReference; lastKnownFileType = sourcecode.swift; path = TimerWorkoutUITests.swift; sourceTree = "<group>"; };
		65FA3A622473A97F00A1C911 /* Info.plist */ = {isa = PBXFileReference; lastKnownFileType = text.plist.xml; path = Info.plist; sourceTree = "<group>"; };
/* End PBXFileReference section */

/* Begin PBXFrameworksBuildPhase section */
		65FA3A352473A97600A1C911 /* Frameworks */ = {
			isa = PBXFrameworksBuildPhase;
			buildActionMask = 2147483647;
			files = (
			);
			runOnlyForDeploymentPostprocessing = 0;
		};
		65FA3A4E2473A97F00A1C911 /* Frameworks */ = {
			isa = PBXFrameworksBuildPhase;
			buildActionMask = 2147483647;
			files = (
			);
			runOnlyForDeploymentPostprocessing = 0;
		};
		65FA3A592473A97F00A1C911 /* Frameworks */ = {
			isa = PBXFrameworksBuildPhase;
			buildActionMask = 2147483647;
			files = (
			);
			runOnlyForDeploymentPostprocessing = 0;
		};
/* End PBXFrameworksBuildPhase section */

/* Begin PBXGroup section */
		65EF809F24765B8700BE9FBD /* Sections */ = {
			isa = PBXGroup;
			children = (
				65EF80A024765B9400BE9FBD /* Tabata */,
			);
			path = Sections;
			sourceTree = "<group>";
		};
		65EF80A024765B9400BE9FBD /* Tabata */ = {
			isa = PBXGroup;
			children = (
				65EF80A124765B9B00BE9FBD /* UI */,
			);
			path = Tabata;
			sourceTree = "<group>";
		};
		65EF80A124765B9B00BE9FBD /* UI */ = {
			isa = PBXGroup;
			children = (
				65EF80A224765BA900BE9FBD /* TabataView.swift */,
				65EF80A424765E5C00BE9FBD /* SetupCellView.swift */,
			);
			path = UI;
			sourceTree = "<group>";
		};
		65FA3A2F2473A97600A1C911 = {
			isa = PBXGroup;
			children = (
				65FA3A3A2473A97600A1C911 /* TimerWorkout */,
				65FA3A542473A97F00A1C911 /* TimerWorkoutTests */,
				65FA3A5F2473A97F00A1C911 /* TimerWorkoutUITests */,
				65FA3A392473A97600A1C911 /* Products */,
			);
			sourceTree = "<group>";
		};
		65FA3A392473A97600A1C911 /* Products */ = {
			isa = PBXGroup;
			children = (
				65FA3A382473A97600A1C911 /* TimerWorkout.app */,
				65FA3A512473A97F00A1C911 /* TimerWorkoutTests.xctest */,
				65FA3A5C2473A97F00A1C911 /* TimerWorkoutUITests.xctest */,
			);
			name = Products;
			sourceTree = "<group>";
		};
		65FA3A3A2473A97600A1C911 /* TimerWorkout */ = {
			isa = PBXGroup;
			children = (
				65EF809F24765B8700BE9FBD /* Sections */,
				65FA3A3B2473A97600A1C911 /* AppDelegate.swift */,
				65FA3A3D2473A97600A1C911 /* SceneDelegate.swift */,
				65FA3A442473A97E00A1C911 /* Assets.xcassets */,
				65FA3A492473A97E00A1C911 /* LaunchScreen.storyboard */,
				65FA3A4C2473A97E00A1C911 /* Info.plist */,
				65FA3A3F2473A97600A1C911 /* TimerWorkout.xcdatamodeld */,
				65FA3A462473A97E00A1C911 /* Preview Content */,
			);
			path = TimerWorkout;
			sourceTree = "<group>";
		};
		65FA3A462473A97E00A1C911 /* Preview Content */ = {
			isa = PBXGroup;
			children = (
				65FA3A472473A97E00A1C911 /* Preview Assets.xcassets */,
			);
			path = "Preview Content";
			sourceTree = "<group>";
		};
		65FA3A542473A97F00A1C911 /* TimerWorkoutTests */ = {
			isa = PBXGroup;
			children = (
				65FA3A552473A97F00A1C911 /* TimerWorkoutTests.swift */,
				65FA3A572473A97F00A1C911 /* Info.plist */,
			);
			path = TimerWorkoutTests;
			sourceTree = "<group>";
		};
		65FA3A5F2473A97F00A1C911 /* TimerWorkoutUITests */ = {
			isa = PBXGroup;
			children = (
				65FA3A602473A97F00A1C911 /* TimerWorkoutUITests.swift */,
				65FA3A622473A97F00A1C911 /* Info.plist */,
			);
			path = TimerWorkoutUITests;
			sourceTree = "<group>";
		};
/* End PBXGroup section */

/* Begin PBXNativeTarget section */
		65FA3A372473A97600A1C911 /* TimerWorkout */ = {
			isa = PBXNativeTarget;
			buildConfigurationList = 65FA3A652473A97F00A1C911 /* Build configuration list for PBXNativeTarget "TimerWorkout" */;
			buildPhases = (
				65FA3A342473A97600A1C911 /* Sources */,
				65FA3A352473A97600A1C911 /* Frameworks */,
				65FA3A362473A97600A1C911 /* Resources */,
			);
			buildRules = (
			);
			dependencies = (
			);
			name = TimerWorkout;
			productName = TimerWorkout;
			productReference = 65FA3A382473A97600A1C911 /* TimerWorkout.app */;
			productType = "com.apple.product-type.application";
		};
		65FA3A502473A97F00A1C911 /* TimerWorkoutTests */ = {
			isa = PBXNativeTarget;
			buildConfigurationList = 65FA3A682473A97F00A1C911 /* Build configuration list for PBXNativeTarget "TimerWorkoutTests" */;
			buildPhases = (
				65FA3A4D2473A97F00A1C911 /* Sources */,
				65FA3A4E2473A97F00A1C911 /* Frameworks */,
				65FA3A4F2473A97F00A1C911 /* Resources */,
			);
			buildRules = (
			);
			dependencies = (
				65FA3A532473A97F00A1C911 /* PBXTargetDependency */,
			);
			name = TimerWorkoutTests;
			productName = TimerWorkoutTests;
			productReference = 65FA3A512473A97F00A1C911 /* TimerWorkoutTests.xctest */;
			productType = "com.apple.product-type.bundle.unit-test";
		};
		65FA3A5B2473A97F00A1C911 /* TimerWorkoutUITests */ = {
			isa = PBXNativeTarget;
			buildConfigurationList = 65FA3A6B2473A97F00A1C911 /* Build configuration list for PBXNativeTarget "TimerWorkoutUITests" */;
			buildPhases = (
				65FA3A582473A97F00A1C911 /* Sources */,
				65FA3A592473A97F00A1C911 /* Frameworks */,
				65FA3A5A2473A97F00A1C911 /* Resources */,
			);
			buildRules = (
			);
			dependencies = (
				65FA3A5E2473A97F00A1C911 /* PBXTargetDependency */,
			);
			name = TimerWorkoutUITests;
			productName = TimerWorkoutUITests;
			productReference = 65FA3A5C2473A97F00A1C911 /* TimerWorkoutUITests.xctest */;
			productType = "com.apple.product-type.bundle.ui-testing";
		};
/* End PBXNativeTarget section */

/* Begin PBXProject section */
		65FA3A302473A97600A1C911 /* Project object */ = {
			isa = PBXProject;
			attributes = {
				LastSwiftUpdateCheck = 1140;
				LastUpgradeCheck = 1140;
				ORGANIZATIONNAME = Andrea;
				TargetAttributes = {
					65FA3A372473A97600A1C911 = {
						CreatedOnToolsVersion = 11.4.1;
					};
					65FA3A502473A97F00A1C911 = {
						CreatedOnToolsVersion = 11.4.1;
						TestTargetID = 65FA3A372473A97600A1C911;
					};
					65FA3A5B2473A97F00A1C911 = {
						CreatedOnToolsVersion = 11.4.1;
						TestTargetID = 65FA3A372473A97600A1C911;
					};
				};
			};
			buildConfigurationList = 65FA3A332473A97600A1C911 /* Build configuration list for PBXProject "TimerWorkout" */;
			compatibilityVersion = "Xcode 9.3";
			developmentRegion = en;
			hasScannedForEncodings = 0;
			knownRegions = (
				en,
				Base,
			);
			mainGroup = 65FA3A2F2473A97600A1C911;
			productRefGroup = 65FA3A392473A97600A1C911 /* Products */;
			projectDirPath = "";
			projectRoot = "";
			targets = (
				65FA3A372473A97600A1C911 /* TimerWorkout */,
				65FA3A502473A97F00A1C911 /* TimerWorkoutTests */,
				65FA3A5B2473A97F00A1C911 /* TimerWorkoutUITests */,
			);
		};
/* End PBXProject section */

/* Begin PBXResourcesBuildPhase section */
		65FA3A362473A97600A1C911 /* Resources */ = {
			isa = PBXResourcesBuildPhase;
			buildActionMask = 2147483647;
			files = (
				65FA3A4B2473A97E00A1C911 /* LaunchScreen.storyboard in Resources */,
				65FA3A482473A97E00A1C911 /* Preview Assets.xcassets in Resources */,
				65FA3A452473A97E00A1C911 /* Assets.xcassets in Resources */,
			);
			runOnlyForDeploymentPostprocessing = 0;
		};
		65FA3A4F2473A97F00A1C911 /* Resources */ = {
			isa = PBXResourcesBuildPhase;
			buildActionMask = 2147483647;
			files = (
			);
			runOnlyForDeploymentPostprocessing = 0;
		};
		65FA3A5A2473A97F00A1C911 /* Resources */ = {
			isa = PBXResourcesBuildPhase;
			buildActionMask = 2147483647;
			files = (
			);
			runOnlyForDeploymentPostprocessing = 0;
		};
/* End PBXResourcesBuildPhase section */

/* Begin PBXSourcesBuildPhase section */
		65FA3A342473A97600A1C911 /* Sources */ = {
			isa = PBXSourcesBuildPhase;
			buildActionMask = 2147483647;
			files = (
				65EF80A524765E5C00BE9FBD /* SetupCellView.swift in Sources */,
				65FA3A412473A97600A1C911 /* TimerWorkout.xcdatamodeld in Sources */,
				65FA3A3C2473A97600A1C911 /* AppDelegate.swift in Sources */,
				65EF80A324765BA900BE9FBD /* TabataView.swift in Sources */,
				65FA3A3E2473A97600A1C911 /* SceneDelegate.swift in Sources */,
			);
			runOnlyForDeploymentPostprocessing = 0;
		};
		65FA3A4D2473A97F00A1C911 /* Sources */ = {
			isa = PBXSourcesBuildPhase;
			buildActionMask = 2147483647;
			files = (
				65FA3A562473A97F00A1C911 /* TimerWorkoutTests.swift in Sources */,
			);
			runOnlyForDeploymentPostprocessing = 0;
		};
		65FA3A582473A97F00A1C911 /* Sources */ = {
			isa = PBXSourcesBuildPhase;
			buildActionMask = 2147483647;
			files = (
				65FA3A612473A97F00A1C911 /* TimerWorkoutUITests.swift in Sources */,
			);
			runOnlyForDeploymentPostprocessing = 0;
		};
/* End PBXSourcesBuildPhase section */

/* Begin PBXTargetDependency section */
		65FA3A532473A97F00A1C911 /* PBXTargetDependency */ = {
			isa = PBXTargetDependency;
			target = 65FA3A372473A97600A1C911 /* TimerWorkout */;
			targetProxy = 65FA3A522473A97F00A1C911 /* PBXContainerItemProxy */;
		};
		65FA3A5E2473A97F00A1C911 /* PBXTargetDependency */ = {
			isa = PBXTargetDependency;
			target = 65FA3A372473A97600A1C911 /* TimerWorkout */;
			targetProxy = 65FA3A5D2473A97F00A1C911 /* PBXContainerItemProxy */;
		};
/* End PBXTargetDependency section */

/* Begin PBXVariantGroup section */
		65FA3A492473A97E00A1C911 /* LaunchScreen.storyboard */ = {
			isa = PBXVariantGroup;
			children = (
				65FA3A4A2473A97E00A1C911 /* Base */,
			);
			name = LaunchScreen.storyboard;
			sourceTree = "<group>";
		};
/* End PBXVariantGroup section */

/* Begin XCBuildConfiguration section */
		65FA3A632473A97F00A1C911 /* Debug */ = {
			isa = XCBuildConfiguration;
			buildSettings = {
				ALWAYS_SEARCH_USER_PATHS = NO;
				CLANG_ANALYZER_NONNULL = YES;
				CLANG_ANALYZER_NUMBER_OBJECT_CONVERSION = YES_AGGRESSIVE;
				CLANG_CXX_LANGUAGE_STANDARD = "gnu++14";
				CLANG_CXX_LIBRARY = "libc++";
				CLANG_ENABLE_MODULES = YES;
				CLANG_ENABLE_OBJC_ARC = YES;
				CLANG_ENABLE_OBJC_WEAK = YES;
				CLANG_WARN_BLOCK_CAPTURE_AUTORELEASING = YES;
				CLANG_WARN_BOOL_CONVERSION = YES;
				CLANG_WARN_COMMA = YES;
				CLANG_WARN_CONSTANT_CONVERSION = YES;
				CLANG_WARN_DEPRECATED_OBJC_IMPLEMENTATIONS = YES;
				CLANG_WARN_DIRECT_OBJC_ISA_USAGE = YES_ERROR;
				CLANG_WARN_DOCUMENTATION_COMMENTS = YES;
				CLANG_WARN_EMPTY_BODY = YES;
				CLANG_WARN_ENUM_CONVERSION = YES;
				CLANG_WARN_INFINITE_RECURSION = YES;
				CLANG_WARN_INT_CONVERSION = YES;
				CLANG_WARN_NON_LITERAL_NULL_CONVERSION = YES;
				CLANG_WARN_OBJC_IMPLICIT_RETAIN_SELF = YES;
				CLANG_WARN_OBJC_LITERAL_CONVERSION = YES;
				CLANG_WARN_OBJC_ROOT_CLASS = YES_ERROR;
				CLANG_WARN_RANGE_LOOP_ANALYSIS = YES;
				CLANG_WARN_STRICT_PROTOTYPES = YES;
				CLANG_WARN_SUSPICIOUS_MOVE = YES;
				CLANG_WARN_UNGUARDED_AVAILABILITY = YES_AGGRESSIVE;
				CLANG_WARN_UNREACHABLE_CODE = YES;
				CLANG_WARN__DUPLICATE_METHOD_MATCH = YES;
				COPY_PHASE_STRIP = NO;
				DEBUG_INFORMATION_FORMAT = dwarf;
				ENABLE_STRICT_OBJC_MSGSEND = YES;
				ENABLE_TESTABILITY = YES;
				GCC_C_LANGUAGE_STANDARD = gnu11;
				GCC_DYNAMIC_NO_PIC = NO;
				GCC_NO_COMMON_BLOCKS = YES;
				GCC_OPTIMIZATION_LEVEL = 0;
				GCC_PREPROCESSOR_DEFINITIONS = (
					"DEBUG=1",
					"$(inherited)",
				);
				GCC_WARN_64_TO_32_BIT_CONVERSION = YES;
				GCC_WARN_ABOUT_RETURN_TYPE = YES_ERROR;
				GCC_WARN_UNDECLARED_SELECTOR = YES;
				GCC_WARN_UNINITIALIZED_AUTOS = YES_AGGRESSIVE;
				GCC_WARN_UNUSED_FUNCTION = YES;
				GCC_WARN_UNUSED_VARIABLE = YES;
				IPHONEOS_DEPLOYMENT_TARGET = 13.4;
				MTL_ENABLE_DEBUG_INFO = INCLUDE_SOURCE;
				MTL_FAST_MATH = YES;
				ONLY_ACTIVE_ARCH = YES;
				SDKROOT = iphoneos;
				SWIFT_ACTIVE_COMPILATION_CONDITIONS = DEBUG;
				SWIFT_OPTIMIZATION_LEVEL = "-Onone";
			};
			name = Debug;
		};
		65FA3A642473A97F00A1C911 /* Release */ = {
			isa = XCBuildConfiguration;
			buildSettings = {
				ALWAYS_SEARCH_USER_PATHS = NO;
				CLANG_ANALYZER_NONNULL = YES;
				CLANG_ANALYZER_NUMBER_OBJECT_CONVERSION = YES_AGGRESSIVE;
				CLANG_CXX_LANGUAGE_STANDARD = "gnu++14";
				CLANG_CXX_LIBRARY = "libc++";
				CLANG_ENABLE_MODULES = YES;
				CLANG_ENABLE_OBJC_ARC = YES;
				CLANG_ENABLE_OBJC_WEAK = YES;
				CLANG_WARN_BLOCK_CAPTURE_AUTORELEASING = YES;
				CLANG_WARN_BOOL_CONVERSION = YES;
				CLANG_WARN_COMMA = YES;
				CLANG_WARN_CONSTANT_CONVERSION = YES;
				CLANG_WARN_DEPRECATED_OBJC_IMPLEMENTATIONS = YES;
				CLANG_WARN_DIRECT_OBJC_ISA_USAGE = YES_ERROR;
				CLANG_WARN_DOCUMENTATION_COMMENTS = YES;
				CLANG_WARN_EMPTY_BODY = YES;
				CLANG_WARN_ENUM_CONVERSION = YES;
				CLANG_WARN_INFINITE_RECURSION = YES;
				CLANG_WARN_INT_CONVERSION = YES;
				CLANG_WARN_NON_LITERAL_NULL_CONVERSION = YES;
				CLANG_WARN_OBJC_IMPLICIT_RETAIN_SELF = YES;
				CLANG_WARN_OBJC_LITERAL_CONVERSION = YES;
				CLANG_WARN_OBJC_ROOT_CLASS = YES_ERROR;
				CLANG_WARN_RANGE_LOOP_ANALYSIS = YES;
				CLANG_WARN_STRICT_PROTOTYPES = YES;
				CLANG_WARN_SUSPICIOUS_MOVE = YES;
				CLANG_WARN_UNGUARDED_AVAILABILITY = YES_AGGRESSIVE;
				CLANG_WARN_UNREACHABLE_CODE = YES;
				CLANG_WARN__DUPLICATE_METHOD_MATCH = YES;
				COPY_PHASE_STRIP = NO;
				DEBUG_INFORMATION_FORMAT = "dwarf-with-dsym";
				ENABLE_NS_ASSERTIONS = NO;
				ENABLE_STRICT_OBJC_MSGSEND = YES;
				GCC_C_LANGUAGE_STANDARD = gnu11;
				GCC_NO_COMMON_BLOCKS = YES;
				GCC_WARN_64_TO_32_BIT_CONVERSION = YES;
				GCC_WARN_ABOUT_RETURN_TYPE = YES_ERROR;
				GCC_WARN_UNDECLARED_SELECTOR = YES;
				GCC_WARN_UNINITIALIZED_AUTOS = YES_AGGRESSIVE;
				GCC_WARN_UNUSED_FUNCTION = YES;
				GCC_WARN_UNUSED_VARIABLE = YES;
				IPHONEOS_DEPLOYMENT_TARGET = 13.4;
				MTL_ENABLE_DEBUG_INFO = NO;
				MTL_FAST_MATH = YES;
				SDKROOT = iphoneos;
				SWIFT_COMPILATION_MODE = wholemodule;
				SWIFT_OPTIMIZATION_LEVEL = "-O";
				VALIDATE_PRODUCT = YES;
			};
			name = Release;
		};
		65FA3A662473A97F00A1C911 /* Debug */ = {
			isa = XCBuildConfiguration;
			buildSettings = {
				ASSETCATALOG_COMPILER_APPICON_NAME = AppIcon;
				CODE_SIGN_STYLE = Automatic;
				DEVELOPMENT_ASSET_PATHS = "\"TimerWorkout/Preview Content\"";
				DEVELOPMENT_TEAM = EUQ43QLTML;
				ENABLE_PREVIEWS = YES;
				INFOPLIST_FILE = TimerWorkout/Info.plist;
				IPHONEOS_DEPLOYMENT_TARGET = 13.0;
				LD_RUNPATH_SEARCH_PATHS = (
					"$(inherited)",
					"@executable_path/Frameworks",
				);
				PRODUCT_BUNDLE_IDENTIFIER = andrea.rinaldi.TimerWorkout.dev;
				PRODUCT_NAME = "$(TARGET_NAME)";
				SWIFT_VERSION = 5.0;
				TARGETED_DEVICE_FAMILY = "1,2";
			};
			name = Debug;
		};
		65FA3A672473A97F00A1C911 /* Release */ = {
			isa = XCBuildConfiguration;
			buildSettings = {
				ASSETCATALOG_COMPILER_APPICON_NAME = AppIcon;
				CODE_SIGN_STYLE = Automatic;
				DEVELOPMENT_ASSET_PATHS = "\"TimerWorkout/Preview Content\"";
				DEVELOPMENT_TEAM = EUQ43QLTML;
				ENABLE_PREVIEWS = YES;
				INFOPLIST_FILE = TimerWorkout/Info.plist;
				IPHONEOS_DEPLOYMENT_TARGET = 13.0;
				LD_RUNPATH_SEARCH_PATHS = (
					"$(inherited)",
					"@executable_path/Frameworks",
				);
				PRODUCT_BUNDLE_IDENTIFIER = andrea.rinaldi.TimerWorkout.prod;
				PRODUCT_NAME = "$(TARGET_NAME)";
				SWIFT_VERSION = 5.0;
				TARGETED_DEVICE_FAMILY = "1,2";
			};
			name = Release;
		};
		65FA3A692473A97F00A1C911 /* Debug */ = {
			isa = XCBuildConfiguration;
			buildSettings = {
				ALWAYS_EMBED_SWIFT_STANDARD_LIBRARIES = YES;
				BUNDLE_LOADER = "$(TEST_HOST)";
				CODE_SIGN_STYLE = Automatic;
				DEVELOPMENT_TEAM = EUQ43QLTML;
				INFOPLIST_FILE = TimerWorkoutTests/Info.plist;
				IPHONEOS_DEPLOYMENT_TARGET = 13.4;
				LD_RUNPATH_SEARCH_PATHS = (
					"$(inherited)",
					"@executable_path/Frameworks",
					"@loader_path/Frameworks",
				);
				PRODUCT_BUNDLE_IDENTIFIER = andrea.rinaldi.TimerWorkoutTests;
				PRODUCT_NAME = "$(TARGET_NAME)";
				SWIFT_VERSION = 5.0;
				TARGETED_DEVICE_FAMILY = "1,2";
				TEST_HOST = "$(BUILT_PRODUCTS_DIR)/TimerWorkout.app/TimerWorkout";
			};
			name = Debug;
		};
		65FA3A6A2473A97F00A1C911 /* Release */ = {
			isa = XCBuildConfiguration;
			buildSettings = {
				ALWAYS_EMBED_SWIFT_STANDARD_LIBRARIES = YES;
				BUNDLE_LOADER = "$(TEST_HOST)";
				CODE_SIGN_STYLE = Automatic;
				DEVELOPMENT_TEAM = EUQ43QLTML;
				INFOPLIST_FILE = TimerWorkoutTests/Info.plist;
				IPHONEOS_DEPLOYMENT_TARGET = 13.4;
				LD_RUNPATH_SEARCH_PATHS = (
					"$(inherited)",
					"@executable_path/Frameworks",
					"@loader_path/Frameworks",
				);
				PRODUCT_BUNDLE_IDENTIFIER = andrea.rinaldi.TimerWorkoutTests;
				PRODUCT_NAME = "$(TARGET_NAME)";
				SWIFT_VERSION = 5.0;
				TARGETED_DEVICE_FAMILY = "1,2";
				TEST_HOST = "$(BUILT_PRODUCTS_DIR)/TimerWorkout.app/TimerWorkout";
			};
			name = Release;
		};
		65FA3A6C2473A97F00A1C911 /* Debug */ = {
			isa = XCBuildConfiguration;
			buildSettings = {
				ALWAYS_EMBED_SWIFT_STANDARD_LIBRARIES = YES;
				CODE_SIGN_STYLE = Automatic;
				DEVELOPMENT_TEAM = EUQ43QLTML;
				INFOPLIST_FILE = TimerWorkoutUITests/Info.plist;
				LD_RUNPATH_SEARCH_PATHS = (
					"$(inherited)",
					"@executable_path/Frameworks",
					"@loader_path/Frameworks",
				);
				PRODUCT_BUNDLE_IDENTIFIER = andrea.rinaldi.TimerWorkoutUITests;
				PRODUCT_NAME = "$(TARGET_NAME)";
				SWIFT_VERSION = 5.0;
				TARGETED_DEVICE_FAMILY = "1,2";
				TEST_TARGET_NAME = TimerWorkout;
			};
			name = Debug;
		};
		65FA3A6D2473A97F00A1C911 /* Release */ = {
			isa = XCBuildConfiguration;
			buildSettings = {
				ALWAYS_EMBED_SWIFT_STANDARD_LIBRARIES = YES;
				CODE_SIGN_STYLE = Automatic;
				DEVELOPMENT_TEAM = EUQ43QLTML;
				INFOPLIST_FILE = TimerWorkoutUITests/Info.plist;
				LD_RUNPATH_SEARCH_PATHS = (
					"$(inherited)",
					"@executable_path/Frameworks",
					"@loader_path/Frameworks",
				);
				PRODUCT_BUNDLE_IDENTIFIER = andrea.rinaldi.TimerWorkoutUITests;
				PRODUCT_NAME = "$(TARGET_NAME)";
				SWIFT_VERSION = 5.0;
				TARGETED_DEVICE_FAMILY = "1,2";
				TEST_TARGET_NAME = TimerWorkout;
			};
			name = Release;
		};
/* End XCBuildConfiguration section */

/* Begin XCConfigurationList section */
		65FA3A332473A97600A1C911 /* Build configuration list for PBXProject "TimerWorkout" */ = {
			isa = XCConfigurationList;
			buildConfigurations = (
				65FA3A632473A97F00A1C911 /* Debug */,
				65FA3A642473A97F00A1C911 /* Release */,
			);
			defaultConfigurationIsVisible = 0;
			defaultConfigurationName = Release;
		};
		65FA3A652473A97F00A1C911 /* Build configuration list for PBXNativeTarget "TimerWorkout" */ = {
			isa = XCConfigurationList;
			buildConfigurations = (
				65FA3A662473A97F00A1C911 /* Debug */,
				65FA3A672473A97F00A1C911 /* Release */,
			);
			defaultConfigurationIsVisible = 0;
			defaultConfigurationName = Release;
		};
		65FA3A682473A97F00A1C911 /* Build configuration list for PBXNativeTarget "TimerWorkoutTests" */ = {
			isa = XCConfigurationList;
			buildConfigurations = (
				65FA3A692473A97F00A1C911 /* Debug */,
				65FA3A6A2473A97F00A1C911 /* Release */,
			);
			defaultConfigurationIsVisible = 0;
			defaultConfigurationName = Release;
		};
		65FA3A6B2473A97F00A1C911 /* Build configuration list for PBXNativeTarget "TimerWorkoutUITests" */ = {
			isa = XCConfigurationList;
			buildConfigurations = (
				65FA3A6C2473A97F00A1C911 /* Debug */,
				65FA3A6D2473A97F00A1C911 /* Release */,
			);
			defaultConfigurationIsVisible = 0;
			defaultConfigurationName = Release;
		};
/* End XCConfigurationList section */

/* Begin XCVersionGroup section */
		65FA3A3F2473A97600A1C911 /* TimerWorkout.xcdatamodeld */ = {
			isa = XCVersionGroup;
			children = (
				65FA3A402473A97600A1C911 /* TimerWorkout.xcdatamodel */,
			);
			currentVersion = 65FA3A402473A97600A1C911 /* TimerWorkout.xcdatamodel */;
			path = TimerWorkout.xcdatamodeld;
			sourceTree = "<group>";
			versionGroupType = wrapper.xcdatamodel;
		};
/* End XCVersionGroup section */
	};
	rootObject = 65FA3A302473A97600A1C911 /* Project object */;
}
